
Microsoft Visual Studio Solution File, Format Version 12.00
# Visual Studio 14
VisualStudioVersion = 14.0.25123.0
MinimumVisualStudioVersion = 10.0.40219.1
Project("{FAE04EC0-301F-11D3-BF4B-00C04F79EFBC}") = "EFRepository", "EFRepository\EFRepository.csproj", "{3D6FC108-03AB-47E5-96C5-401CB8793BD7}"
EndProject
Project("{FAE04EC0-301F-11D3-BF4B-00C04F79EFBC}") = "EFRepository.Tests", "EFRepository.Tests\EFRepository.Tests.csproj", "{BC65819A-550B-4DA1-9AD4-A29EE244AD21}"
EndProject
Global
	GlobalSection(SolutionConfigurationPlatforms) = preSolution
		Debug|Any CPU = Debug|Any CPU
		Release|Any CPU = Release|Any CPU
	EndGlobalSection
	GlobalSection(ProjectConfigurationPlatforms) = postSolution
		{3D6FC108-03AB-47E5-96C5-401CB8793BD7}.Debug|Any CPU.ActiveCfg = Debug|Any CPU
		{3D6FC108-03AB-47E5-96C5-401CB8793BD7}.Debug|Any CPU.Build.0 = Debug|Any CPU
		{3D6FC108-03AB-47E5-96C5-401CB8793BD7}.Release|Any CPU.ActiveCfg = Release|Any CPU
		{3D6FC108-03AB-47E5-96C5-401CB8793BD7}.Release|Any CPU.Build.0 = Release|Any CPU
		{BC65819A-550B-4DA1-9AD4-A29EE244AD21}.Debug|Any CPU.ActiveCfg = Debug|Any CPU
		{BC65819A-550B-4DA1-9AD4-A29EE244AD21}.Debug|Any CPU.Build.0 = Debug|Any CPU
		{BC65819A-550B-4DA1-9AD4-A29EE244AD21}.Release|Any CPU.ActiveCfg = Release|Any CPU
		{BC65819A-550B-4DA1-9AD4-A29EE244AD21}.Release|Any CPU.Build.0 = Release|Any CPU
	EndGlobalSection
	GlobalSection(SolutionProperties) = preSolution
		HideSolutionNode = FALSE
	EndGlobalSection
EndGlobal
